{
  "nodes": {
    "arc-2-theme": {
      "flake": false,
      "locked": {
        "lastModified": 1743090962,
        "narHash": "sha256-yD/C0wlHBZXeXngdyZxfDOMy6a0kuM7JfmbZqAlqfAU=",
        "owner": "YashjitPal",
        "repo": "Arc-2.0",
        "rev": "57306dffba80f9a929c200e506b589d913efe16b",
        "type": "github"
      },
      "original": {
        "owner": "YashjitPal",
        "repo": "Arc-2.0",
        "type": "github"
      }
    },
    "cosmic-manager": {
      "inputs": {
        "flake-parts": "flake-parts",
        "home-manager": [
          "home-manager"
        ],
        "nixpkgs": [
          "nixpkgs"
        ]
      },
      "locked": {
        "lastModified": 1744387566,
        "narHash": "sha256-O39zTv7LdRgr4Hw38d+eQG2LYpP75rw2XKqTGV5qzgs=",
        "owner": "HeitorAugustoLN",
        "repo": "cosmic-manager",
        "rev": "52d3fdd080a9dd4639948687682a68282fbf0314",
        "type": "github"
      },
      "original": {
        "owner": "HeitorAugustoLN",
        "repo": "cosmic-manager",
        "type": "github"
      }
    },
    "firefox-nightly": {
      "inputs": {
        "flake-compat": "flake-compat",
        "lib-aggregate": "lib-aggregate",
        "nixpkgs": [
          "nixpkgs"
        ]
      },
      "locked": {
        "lastModified": 1745847719,
        "narHash": "sha256-SamLWcV6mpepypBkNkr17/WENsjHd5ryRzglMvmMO0Y=",
        "owner": "nix-community",
        "repo": "flake-firefox-nightly",
        "rev": "92de9f4e63963c346d23bf7c87955c1761fe434b",
        "type": "github"
      },
      "original": {
        "owner": "nix-community",
        "repo": "flake-firefox-nightly",
        "type": "github"
      }
    },
    "flake-compat": {
      "locked": {
        "lastModified": 1717312683,
        "narHash": "sha256-FrlieJH50AuvagamEvWMIE6D2OAnERuDboFDYAED/dE=",
        "owner": "nix-community",
        "repo": "flake-compat",
        "rev": "38fd3954cf65ce6faf3d0d45cd26059e059f07ea",
        "type": "github"
      },
      "original": {
        "owner": "nix-community",
        "repo": "flake-compat",
        "type": "github"
      }
    },
    "flake-compat_2": {
      "locked": {
        "lastModified": 1733328505,
        "narHash": "sha256-NeCCThCEP3eCl2l/+27kNNK7QrwZB1IJCrXfrbv5oqU=",
        "owner": "edolstra",
        "repo": "flake-compat",
        "rev": "ff81ac966bb2cae68946d5ed5fc4994f96d0ffec",
        "type": "github"
      },
      "original": {
        "owner": "edolstra",
        "repo": "flake-compat",
        "type": "github"
      }
    },
    "flake-compat_3": {
      "flake": false,
      "locked": {
        "lastModified": 1717312683,
        "narHash": "sha256-FrlieJH50AuvagamEvWMIE6D2OAnERuDboFDYAED/dE=",
        "owner": "nix-community",
        "repo": "flake-compat",
        "rev": "38fd3954cf65ce6faf3d0d45cd26059e059f07ea",
        "type": "github"
      },
      "original": {
        "owner": "nix-community",
        "repo": "flake-compat",
        "type": "github"
      }
    },
    "flake-parts": {
      "inputs": {
        "nixpkgs-lib": [
          "cosmic-manager",
          "nixpkgs"
        ]
      },
      "locked": {
        "lastModified": 1738453229,
        "narHash": "sha256-7H9XgNiGLKN1G1CgRh0vUL4AheZSYzPm+zmZ7vxbJdo=",
        "owner": "hercules-ci",
        "repo": "flake-parts",
        "rev": "32ea77a06711b758da0ad9bd6a844c5740a87abd",
        "type": "github"
      },
      "original": {
        "owner": "hercules-ci",
        "repo": "flake-parts",
        "type": "github"
      }
    },
    "flake-parts_2": {
      "inputs": {
        "nixpkgs-lib": "nixpkgs-lib_2"
      },
      "locked": {
        "lastModified": 1743550720,
        "narHash": "sha256-hIshGgKZCgWh6AYJpJmRgFdR3WUbkY04o82X05xqQiY=",
        "owner": "hercules-ci",
        "repo": "flake-parts",
        "rev": "c621e8422220273271f52058f618c94e405bb0f5",
        "type": "github"
      },
      "original": {
        "owner": "hercules-ci",
        "repo": "flake-parts",
        "type": "github"
      }
    },
    "flake-parts_3": {
      "inputs": {
        "nixpkgs-lib": [
          "nixvim",
          "nixpkgs"
        ]
      },
      "locked": {
        "lastModified": 1743550720,
        "narHash": "sha256-hIshGgKZCgWh6AYJpJmRgFdR3WUbkY04o82X05xqQiY=",
        "owner": "hercules-ci",
        "repo": "flake-parts",
        "rev": "c621e8422220273271f52058f618c94e405bb0f5",
        "type": "github"
      },
      "original": {
        "owner": "hercules-ci",
        "repo": "flake-parts",
        "type": "github"
      }
    },
    "flake-parts_4": {
      "inputs": {
        "nixpkgs-lib": [
          "nur",
          "nixpkgs"
        ]
      },
      "locked": {
        "lastModified": 1733312601,
        "narHash": "sha256-4pDvzqnegAfRkPwO3wmwBhVi/Sye1mzps0zHWYnP88c=",
        "owner": "hercules-ci",
        "repo": "flake-parts",
        "rev": "205b12d8b7cd4802fbcb8e8ef6a0f1408781a4f9",
        "type": "github"
      },
      "original": {
        "owner": "hercules-ci",
        "repo": "flake-parts",
        "type": "github"
      }
    },
    "flake-utils": {
      "inputs": {
        "systems": "systems"
      },
      "locked": {
        "lastModified": 1731533236,
        "narHash": "sha256-l0KFg5HjrsfsO/JpG+r7fRrqm12kzFHyUHqHCVpMMbI=",
        "owner": "numtide",
        "repo": "flake-utils",
        "rev": "11707dc2f618dd54ca8739b309ec4fc024de578b",
        "type": "github"
      },
      "original": {
        "owner": "numtide",
        "repo": "flake-utils",
        "type": "github"
      }
    },
    "flake-utils_2": {
      "inputs": {
        "systems": [
          "systems"
        ]
      },
      "locked": {
        "lastModified": 1731533236,
        "narHash": "sha256-l0KFg5HjrsfsO/JpG+r7fRrqm12kzFHyUHqHCVpMMbI=",
        "owner": "numtide",
        "repo": "flake-utils",
        "rev": "11707dc2f618dd54ca8739b309ec4fc024de578b",
        "type": "github"
      },
      "original": {
        "owner": "numtide",
        "repo": "flake-utils",
        "type": "github"
      }
    },
    "flake-utils_3": {
      "inputs": {
        "systems": "systems_2"
      },
      "locked": {
        "lastModified": 1731533236,
        "narHash": "sha256-l0KFg5HjrsfsO/JpG+r7fRrqm12kzFHyUHqHCVpMMbI=",
        "owner": "numtide",
        "repo": "flake-utils",
        "rev": "11707dc2f618dd54ca8739b309ec4fc024de578b",
        "type": "github"
      },
      "original": {
        "owner": "numtide",
        "repo": "flake-utils",
        "type": "github"
      }
    },
    "flake-utils_4": {
      "inputs": {
        "systems": "systems_3"
      },
      "locked": {
        "lastModified": 1731533236,
        "narHash": "sha256-l0KFg5HjrsfsO/JpG+r7fRrqm12kzFHyUHqHCVpMMbI=",
        "owner": "numtide",
        "repo": "flake-utils",
        "rev": "11707dc2f618dd54ca8739b309ec4fc024de578b",
        "type": "github"
      },
      "original": {
        "owner": "numtide",
        "repo": "flake-utils",
        "type": "github"
      }
    },
    "flake-utils_5": {
      "inputs": {
        "systems": "systems_6"
      },
      "locked": {
        "lastModified": 1731533236,
        "narHash": "sha256-l0KFg5HjrsfsO/JpG+r7fRrqm12kzFHyUHqHCVpMMbI=",
        "owner": "numtide",
        "repo": "flake-utils",
        "rev": "11707dc2f618dd54ca8739b309ec4fc024de578b",
        "type": "github"
      },
      "original": {
        "owner": "numtide",
        "repo": "flake-utils",
        "type": "github"
      }
    },
    "gitignore": {
      "inputs": {
        "nixpkgs": [
          "pre-commit-hooks",
          "nixpkgs"
        ]
      },
      "locked": {
        "lastModified": 1709087332,
        "narHash": "sha256-HG2cCnktfHsKV0s4XW83gU3F57gaTljL9KNSuG6bnQs=",
        "owner": "hercules-ci",
        "repo": "gitignore.nix",
        "rev": "637db329424fd7e46cf4185293b9cc8c88c95394",
        "type": "github"
      },
      "original": {
        "owner": "hercules-ci",
        "repo": "gitignore.nix",
        "type": "github"
      }
    },
    "helix": {
      "inputs": {
        "flake-utils": "flake-utils_3",
        "nixpkgs": "nixpkgs",
        "rust-overlay": "rust-overlay"
      },
      "locked": {
        "lastModified": 1745851734,
        "narHash": "sha256-xVFqmcBDQF1AZLo8EgdGjU4TUnZVAm2YTrD9poOJF+Q=",
        "owner": "helix-editor",
        "repo": "helix",
        "rev": "fbc4e5798e8a6d493bc74bc18d35ebf91006baef",
        "type": "github"
      },
      "original": {
        "owner": "helix-editor",
        "repo": "helix",
        "type": "github"
      }
    },
    "home-manager": {
      "inputs": {
        "nixpkgs": [
          "nixpkgs"
        ]
      },
      "locked": {
        "lastModified": 1745853192,
        "narHash": "sha256-ardehuT9qtSXtY1XdOY6fEM3Kf3bQa3LZxxKdAScCnU=",
        "owner": "nix-community",
        "repo": "home-manager",
        "rev": "c54a8ab0d2ea7486eadb14f1dc498817ff164f59",
        "type": "github"
      },
      "original": {
        "owner": "nix-community",
        "repo": "home-manager",
        "type": "github"
      }
    },
    "home-manager_2": {
      "inputs": {
        "nixpkgs": [
          "zen-browser",
          "nixpkgs"
        ]
      },
      "locked": {
        "lastModified": 1743604125,
        "narHash": "sha256-ZD61DNbsBt1mQbinAaaEqKaJk2RFo9R/j+eYWeGMx7A=",
        "owner": "nix-community",
        "repo": "home-manager",
        "rev": "180fd43eea296e62ae68e079fcf56aba268b9a1a",
        "type": "github"
      },
      "original": {
        "owner": "nix-community",
        "repo": "home-manager",
        "type": "github"
      }
    },
    "impermanence": {
      "locked": {
        "lastModified": 1737831083,
        "narHash": "sha256-LJggUHbpyeDvNagTUrdhe/pRVp4pnS6wVKALS782gRI=",
        "owner": "nix-community",
        "repo": "impermanence",
        "rev": "4b3e914cdf97a5b536a889e939fb2fd2b043a170",
        "type": "github"
      },
      "original": {
        "owner": "nix-community",
        "repo": "impermanence",
        "type": "github"
      }
    },
    "ixx": {
      "inputs": {
        "flake-utils": [
          "nixvim",
          "nuschtosSearch",
          "flake-utils"
        ],
        "nixpkgs": [
          "nixvim",
          "nuschtosSearch",
          "nixpkgs"
        ]
      },
      "locked": {
        "lastModified": 1737371634,
        "narHash": "sha256-fTVAWzT1UMm1lT+YxHuVPtH+DATrhYfea3B0MxG/cGw=",
        "owner": "NuschtOS",
        "repo": "ixx",
        "rev": "a1176e2a10ce745ff8f63e4af124ece8fe0b1648",
        "type": "github"
      },
      "original": {
        "owner": "NuschtOS",
        "ref": "v0.0.7",
        "repo": "ixx",
        "type": "github"
      }
    },
    "lib-aggregate": {
      "inputs": {
        "flake-utils": "flake-utils",
        "nixpkgs-lib": "nixpkgs-lib"
      },
      "locked": {
        "lastModified": 1745756032,
        "narHash": "sha256-OGh8iF95pRSnbiRQNExeY4hu0Hj2ZOMifa1AvFdd5mw=",
        "owner": "nix-community",
        "repo": "lib-aggregate",
        "rev": "97ab82e854769f3534e4ad0101a0e9ee75c44e19",
        "type": "github"
      },
      "original": {
        "owner": "nix-community",
        "repo": "lib-aggregate",
        "type": "github"
      }
    },
    "nix-index-db": {
      "inputs": {
        "nixpkgs": [
          "nixpkgs"
        ]
      },
      "locked": {
        "lastModified": 1745725746,
        "narHash": "sha256-iR+idGZJ191cY6NBXyVjh9QH8GVWTkvZw/w+1Igy45A=",
        "owner": "Mic92",
        "repo": "nix-index-database",
        "rev": "187524713d0d9b2d2c6f688b81835114d4c2a7c6",
        "type": "github"
      },
      "original": {
        "owner": "Mic92",
        "repo": "nix-index-database",
        "type": "github"
      }
    },
    "nixos-cosmic": {
      "inputs": {
        "flake-compat": "flake-compat_3",
        "nixpkgs": "nixpkgs_2",
        "nixpkgs-stable": "nixpkgs-stable",
        "rust-overlay": "rust-overlay_2"
      },
      "locked": {
        "lastModified": 1745839565,
        "narHash": "sha256-mzdFIAMS8/OeFkaAfBIEzVDUI/J8wDV8rWoE/wyg9gw=",
        "owner": "lilyinstarlight",
        "repo": "nixos-cosmic",
        "rev": "1cefba53d1c9046a2492060b009a54b0795bab80",
        "type": "github"
      },
      "original": {
        "owner": "lilyinstarlight",
        "repo": "nixos-cosmic",
        "type": "github"
      }
    },
    "nixos-hardware": {
      "locked": {
        "lastModified": 1745503349,
        "narHash": "sha256-bUGjvaPVsOfQeTz9/rLTNLDyqbzhl0CQtJJlhFPhIYw=",
        "owner": "NixOS",
        "repo": "nixos-hardware",
        "rev": "f7bee55a5e551bd8e7b5b82c9bc559bc50d868d1",
        "type": "github"
      },
      "original": {
        "owner": "NixOS",
        "repo": "nixos-hardware",
        "type": "github"
      }
    },
    "nixpkgs": {
      "locked": {
        "lastModified": 1740560979,
        "narHash": "sha256-Vr3Qi346M+8CjedtbyUevIGDZW8LcA1fTG0ugPY/Hic=",
        "owner": "nixos",
        "repo": "nixpkgs",
        "rev": "5135c59491985879812717f4c9fea69604e7f26f",
        "type": "github"
      },
      "original": {
        "owner": "nixos",
        "ref": "nixos-unstable",
        "repo": "nixpkgs",
        "type": "github"
      }
    },
    "nixpkgs-lib": {
      "locked": {
        "lastModified": 1745716251,
        "narHash": "sha256-fI6UzabnzH2mU8e3c5fZPQiWziGERhexCMmS8Vv5ytI=",
        "owner": "nix-community",
        "repo": "nixpkgs.lib",
        "rev": "25999e7d9c47c384675bea8478c66386a9be9c65",
        "type": "github"
      },
      "original": {
        "owner": "nix-community",
        "repo": "nixpkgs.lib",
        "type": "github"
      }
    },
    "nixpkgs-lib_2": {
      "locked": {
        "lastModified": 1743296961,
        "narHash": "sha256-b1EdN3cULCqtorQ4QeWgLMrd5ZGOjLSLemfa00heasc=",
        "owner": "nix-community",
        "repo": "nixpkgs.lib",
        "rev": "e4822aea2a6d1cdd36653c134cacfd64c97ff4fa",
        "type": "github"
      },
      "original": {
        "owner": "nix-community",
        "repo": "nixpkgs.lib",
        "type": "github"
      }
    },
    "nixpkgs-stable": {
      "locked": {
        "lastModified": 1745742390,
        "narHash": "sha256-1rqa/XPSJqJg21BKWjzJZC7yU0l/YTVtjRi0RJmipus=",
        "owner": "NixOS",
        "repo": "nixpkgs",
        "rev": "26245db0cb552047418cfcef9a25da91b222d6c7",
        "type": "github"
      },
      "original": {
        "owner": "NixOS",
        "ref": "nixos-24.11",
        "repo": "nixpkgs",
        "type": "github"
      }
    },
    "nixpkgs_2": {
      "locked": {
        "lastModified": 1745526057,
        "narHash": "sha256-ITSpPDwvLBZBnPRS2bUcHY3gZSwis/uTe255QgMtTLA=",
        "owner": "NixOS",
        "repo": "nixpkgs",
        "rev": "f771eb401a46846c1aebd20552521b233dd7e18b",
        "type": "github"
      },
      "original": {
        "owner": "NixOS",
        "ref": "nixos-unstable",
        "repo": "nixpkgs",
        "type": "github"
      }
    },
    "nixpkgs_3": {
      "locked": {
        "lastModified": 1745526057,
        "narHash": "sha256-ITSpPDwvLBZBnPRS2bUcHY3gZSwis/uTe255QgMtTLA=",
        "owner": "nixos",
        "repo": "nixpkgs",
        "rev": "f771eb401a46846c1aebd20552521b233dd7e18b",
        "type": "github"
      },
      "original": {
        "owner": "nixos",
        "ref": "nixos-unstable",
        "repo": "nixpkgs",
        "type": "github"
      }
    },
    "nixpkgs_4": {
      "locked": {
        "lastModified": 1744932701,
        "narHash": "sha256-fusHbZCyv126cyArUwwKrLdCkgVAIaa/fQJYFlCEqiU=",
        "owner": "nixos",
        "repo": "nixpkgs",
        "rev": "b024ced1aac25639f8ca8fdfc2f8c4fbd66c48ef",
        "type": "github"
      },
      "original": {
        "owner": "nixos",
        "ref": "nixos-unstable",
        "repo": "nixpkgs",
        "type": "github"
      }
    },
    "nixpkgs_5": {
      "locked": {
        "lastModified": 1744868846,
        "narHash": "sha256-5RJTdUHDmj12Qsv7XOhuospjAjATNiTMElplWnJE9Hs=",
        "owner": "NixOS",
        "repo": "nixpkgs",
        "rev": "ebe4301cbd8f81c4f8d3244b3632338bbeb6d49c",
        "type": "github"
      },
      "original": {
        "owner": "NixOS",
        "ref": "nixpkgs-unstable",
        "repo": "nixpkgs",
        "type": "github"
      }
    },
    "nixpkgs_6": {
      "locked": {
        "lastModified": 1743448293,
        "narHash": "sha256-bmEPmSjJakAp/JojZRrUvNcDX2R5/nuX6bm+seVaGhs=",
        "owner": "nixos",
        "repo": "nixpkgs",
        "rev": "77b584d61ff80b4cef9245829a6f1dfad5afdfa3",
        "type": "github"
      },
      "original": {
        "owner": "nixos",
        "ref": "nixos-unstable",
        "repo": "nixpkgs",
        "type": "github"
      }
    },
    "nixvim": {
      "inputs": {
        "flake-parts": "flake-parts_3",
        "nixpkgs": [
          "nixpkgs"
        ],
        "nuschtosSearch": "nuschtosSearch"
      },
      "locked": {
        "lastModified": 1745850373,
        "narHash": "sha256-/VmHOZwDvTCd1LuPxDMVJvfVmtHiKbsNby/j5iMeCNs=",
        "owner": "nix-community",
        "repo": "nixvim",
        "rev": "6415ae4a9779286b4248a2dd2ed742d96f74bbbf",
        "type": "github"
      },
      "original": {
        "owner": "nix-community",
        "repo": "nixvim",
        "type": "github"
      }
    },
    "nur": {
      "inputs": {
        "flake-parts": "flake-parts_4",
        "nixpkgs": "nixpkgs_3",
        "treefmt-nix": "treefmt-nix"
      },
      "locked": {
        "lastModified": 1745854733,
        "narHash": "sha256-7EtCRWVZ9LVcPfbfiQ5En9U5smS7Jpk0r5hG0UawfSs=",
        "owner": "nix-community",
        "repo": "NUR",
        "rev": "4e6e58bd4280f40bf151c988aa5ac59b30b9b67f",
        "type": "github"
      },
      "original": {
        "owner": "nix-community",
        "repo": "NUR",
        "type": "github"
      }
    },
    "nuschtosSearch": {
      "inputs": {
        "flake-utils": "flake-utils_4",
        "ixx": "ixx",
        "nixpkgs": [
          "nixvim",
          "nixpkgs"
        ]
      },
      "locked": {
        "lastModified": 1745046075,
        "narHash": "sha256-8v4y6k16Ra/fiecb4DxhsoOGtzLKgKlS+9/XJ9z0T2I=",
        "owner": "NuschtOS",
        "repo": "search",
        "rev": "066afe8643274470f4a294442aadd988356a478f",
        "type": "github"
      },
      "original": {
        "owner": "NuschtOS",
        "repo": "search",
        "type": "github"
      }
    },
    "pre-commit-hooks": {
      "inputs": {
        "flake-compat": [
          "flake-compat"
        ],
        "gitignore": "gitignore",
        "nixpkgs": [
          "nixpkgs"
        ]
      },
      "locked": {
        "lastModified": 1742649964,
        "narHash": "sha256-DwOTp7nvfi8mRfuL1escHDXabVXFGT1VlPD1JHrtrco=",
        "owner": "cachix",
        "repo": "pre-commit-hooks.nix",
        "rev": "dcf5072734cb576d2b0c59b2ac44f5050b5eac82",
        "type": "github"
      },
      "original": {
        "owner": "cachix",
        "repo": "pre-commit-hooks.nix",
        "type": "github"
      }
    },
    "root": {
      "inputs": {
        "arc-2-theme": "arc-2-theme",
        "cosmic-manager": "cosmic-manager",
        "firefox-nightly": "firefox-nightly",
        "flake-compat": "flake-compat_2",
        "flake-parts": "flake-parts_2",
        "flake-utils": "flake-utils_2",
        "helix": "helix",
        "home-manager": "home-manager",
        "impermanence": "impermanence",
        "nix-index-db": "nix-index-db",
        "nixos-cosmic": "nixos-cosmic",
        "nixos-hardware": "nixos-hardware",
        "nixpkgs": [
          "nixos-cosmic",
          "nixpkgs"
        ],
        "nixvim": "nixvim",
        "nur": "nur",
        "pre-commit-hooks": "pre-commit-hooks",
        "sops-nix": "sops-nix",
        "spicetify-nix": "spicetify-nix",
        "systems": "systems_5",
        "typix": "typix",
        "yazi": "yazi",
        "yazi-clipboard": "yazi-clipboard",
        "yazi-eza-preview": "yazi-eza-preview",
        "yazi-fg": "yazi-fg",
        "yazi-mount": "yazi-mount",
        "yazi-plugins": "yazi-plugins",
        "yazi-starship": "yazi-starship",
        "zen-browser": "zen-browser"
      }
    },
    "rust-overlay": {
      "inputs": {
        "nixpkgs": [
          "helix",
          "nixpkgs"
        ]
      },
      "locked": {
        "lastModified": 1740623427,
        "narHash": "sha256-3SdPQrZoa4odlScFDUHd4CUPQ/R1gtH4Mq9u8CBiK8M=",
        "owner": "oxalica",
        "repo": "rust-overlay",
        "rev": "d342e8b5fd88421ff982f383c853f0fc78a847ab",
        "type": "github"
      },
      "original": {
        "owner": "oxalica",
        "repo": "rust-overlay",
        "type": "github"
      }
    },
    "rust-overlay_2": {
      "inputs": {
        "nixpkgs": [
          "nixos-cosmic",
          "nixpkgs"
        ]
      },
      "locked": {
        "lastModified": 1745807802,
        "narHash": "sha256-Aary9kzSx9QFgfK1CDu3ZqxhuoyHvf0F71j64gXZebA=",
        "owner": "oxalica",
        "repo": "rust-overlay",
        "rev": "9a6045615437787dfb9c1a3242fd75c6b6976b6b",
        "type": "github"
      },
      "original": {
        "owner": "oxalica",
        "repo": "rust-overlay",
        "type": "github"
      }
    },
    "rust-overlay_3": {
      "inputs": {
        "nixpkgs": [
          "yazi",
          "nixpkgs"
        ]
      },
      "locked": {
        "lastModified": 1745116541,
        "narHash": "sha256-5xzA6dTfqCfTTDCo3ipPZzrg3wp01xmcr73y4cTNMP8=",
        "owner": "oxalica",
        "repo": "rust-overlay",
        "rev": "e2142ef330a61c02f274ac9a9cb6f8487a5d0080",
        "type": "github"
      },
      "original": {
        "owner": "oxalica",
        "repo": "rust-overlay",
        "type": "github"
      }
    },
    "sops-nix": {
      "inputs": {
        "nixpkgs": [
          "nixpkgs"
        ]
      },
      "locked": {
        "lastModified": 1745310711,
        "narHash": "sha256-ePyTpKEJTgX0gvgNQWd7tQYQ3glIkbqcW778RpHlqgA=",
        "owner": "Mic92",
        "repo": "sops-nix",
        "rev": "5e3e92b16d6fdf9923425a8d4df7496b2434f39c",
        "type": "github"
      },
      "original": {
        "owner": "Mic92",
        "repo": "sops-nix",
        "type": "github"
      }
    },
    "spicetify-nix": {
      "inputs": {
        "nixpkgs": [
          "nixpkgs"
        ],
        "systems": "systems_4"
      },
      "locked": {
        "lastModified": 1745832939,
        "narHash": "sha256-uyb3vhSAD8G0gnX5dsnvoEncnm4tvK7kvC0vT+kOYT8=",
        "owner": "Gerg-L",
        "repo": "spicetify-nix",
        "rev": "d9ca0f8a3d97b94a7a8225152fafb1805477df52",
        "type": "github"
      },
      "original": {
        "owner": "Gerg-L",
        "repo": "spicetify-nix",
        "type": "github"
      }
    },
    "systems": {
      "locked": {
        "lastModified": 1681028828,
        "narHash": "sha256-Vy1rq5AaRuLzOxct8nz4T6wlgyUR7zLU309k9mBC768=",
        "owner": "nix-systems",
        "repo": "default",
        "rev": "da67096a3b9bf56a91d16901293e51ba5b49a27e",
        "type": "github"
      },
      "original": {
        "owner": "nix-systems",
        "repo": "default",
        "type": "github"
      }
    },
    "systems_2": {
      "locked": {
        "lastModified": 1681028828,
        "narHash": "sha256-Vy1rq5AaRuLzOxct8nz4T6wlgyUR7zLU309k9mBC768=",
        "owner": "nix-systems",
        "repo": "default",
        "rev": "da67096a3b9bf56a91d16901293e51ba5b49a27e",
        "type": "github"
      },
      "original": {
        "owner": "nix-systems",
        "repo": "default",
        "type": "github"
      }
    },
    "systems_3": {
      "locked": {
        "lastModified": 1681028828,
        "narHash": "sha256-Vy1rq5AaRuLzOxct8nz4T6wlgyUR7zLU309k9mBC768=",
        "owner": "nix-systems",
        "repo": "default",
        "rev": "da67096a3b9bf56a91d16901293e51ba5b49a27e",
        "type": "github"
      },
      "original": {
        "owner": "nix-systems",
        "repo": "default",
        "type": "github"
      }
    },
    "systems_4": {
      "locked": {
        "lastModified": 1681028828,
        "narHash": "sha256-Vy1rq5AaRuLzOxct8nz4T6wlgyUR7zLU309k9mBC768=",
        "owner": "nix-systems",
        "repo": "default",
        "rev": "da67096a3b9bf56a91d16901293e51ba5b49a27e",
        "type": "github"
      },
      "original": {
        "owner": "nix-systems",
        "repo": "default",
        "type": "github"
      }
    },
    "systems_5": {
      "locked": {
        "lastModified": 1689347949,
        "narHash": "sha256-12tWmuL2zgBgZkdoB6qXZsgJEH9LR3oUgpaQq2RbI80=",
        "owner": "nix-systems",
        "repo": "default-linux",
        "rev": "31732fcf5e8fea42e59c2488ad31a0e651500f68",
        "type": "github"
      },
      "original": {
        "owner": "nix-systems",
        "repo": "default-linux",
        "type": "github"
      }
    },
    "systems_6": {
      "locked": {
        "lastModified": 1681028828,
        "narHash": "sha256-Vy1rq5AaRuLzOxct8nz4T6wlgyUR7zLU309k9mBC768=",
        "owner": "nix-systems",
        "repo": "default",
        "rev": "da67096a3b9bf56a91d16901293e51ba5b49a27e",
        "type": "github"
      },
      "original": {
        "owner": "nix-systems",
        "repo": "default",
        "type": "github"
      }
    },
    "treefmt-nix": {
      "inputs": {
        "nixpkgs": [
          "nur",
          "nixpkgs"
        ]
      },
      "locked": {
        "lastModified": 1733222881,
        "narHash": "sha256-JIPcz1PrpXUCbaccEnrcUS8jjEb/1vJbZz5KkobyFdM=",
        "owner": "numtide",
        "repo": "treefmt-nix",
        "rev": "49717b5af6f80172275d47a418c9719a31a78b53",
        "type": "github"
      },
      "original": {
        "owner": "numtide",
        "repo": "treefmt-nix",
        "type": "github"
      }
    },
    "typix": {
      "inputs": {
        "nixpkgs": "nixpkgs_4"
      },
      "locked": {
        "lastModified": 1745311617,
        "narHash": "sha256-rSwSFTy7E+/i+V2IB6GT4eP07r0XPoKlq/GbNYhakkw=",
        "owner": "loqusion",
        "repo": "typix",
        "rev": "bc85fe6c66247893e8ff3e5d15166276caaf26eb",
        "type": "github"
      },
      "original": {
        "owner": "loqusion",
        "repo": "typix",
        "type": "github"
      }
    },
    "yazi": {
      "inputs": {
        "flake-utils": "flake-utils_5",
        "nixpkgs": "nixpkgs_5",
        "rust-overlay": "rust-overlay_3"
      },
      "locked": {
        "lastModified": 1745855543,
        "narHash": "sha256-EBtZMforDEv47rFLgc28tadPVBU/1uG8Z9TiUfQ1XlQ=",
        "owner": "sxyazi",
        "repo": "yazi",
        "rev": "54687181b3d312481d2eae201656b2765804543a",
        "type": "github"
      },
      "original": {
        "owner": "sxyazi",
        "repo": "yazi",
        "type": "github"
      }
    },
    "yazi-clipboard": {
      "flake": false,
      "locked": {
        "lastModified": 1738067673,
        "narHash": "sha256-yeKh0uQBrkqls4D28xKKyq1MF5LpleZW0/uxFWf1tQw=",
        "ref": "refs/heads/master",
        "rev": "93b73d41e17f3342dab36c4280ec16d1afc7f40e",
        "revCount": 12,
        "type": "git",
        "url": "https://gitee.com/DreamMaoMao/clipboard.yazi"
      },
      "original": {
        "type": "git",
        "url": "https://gitee.com/DreamMaoMao/clipboard.yazi"
      }
    },
    "yazi-eza-preview": {
      "flake": false,
      "locked": {
        "lastModified": 1740725180,
        "narHash": "sha256-RwJu79bjdgmKbRaDH++y8wreBKdGGwbyGOx4G/px2PE=",
        "owner": "ahkohd",
        "repo": "eza-preview.yazi",
        "rev": "6575a9a4806d8dc96ac75adf28791155551804fb",
        "type": "github"
      },
      "original": {
        "owner": "ahkohd",
        "repo": "eza-preview.yazi",
        "type": "github"
      }
    },
    "yazi-fg": {
      "flake": false,
      "locked": {
        "lastModified": 1745308177,
        "narHash": "sha256-B6Feg8icshHQYv04Ee/Bo9PPaiDPRyt1HwpirI/yXj8=",
        "ref": "refs/heads/main",
        "rev": "46a5c16f62f415f691319f984b9548249b0edc96",
        "revCount": 44,
        "type": "git",
        "url": "https://gitee.com/DreamMaoMao/fg.yazi"
      },
      "original": {
        "type": "git",
        "url": "https://gitee.com/DreamMaoMao/fg.yazi"
      }
    },
    "yazi-mount": {
      "flake": false,
      "locked": {
        "lastModified": 1735679771,
        "narHash": "sha256-ds+6aYcZm/O437FXE0/79TCnlx0ivNvM5O7C9T9ajBQ=",
        "ref": "refs/heads/master",
        "rev": "e494101cb8a35cfb13f5c42670cdd28ede850216",
        "revCount": 8,
        "type": "git",
        "url": "https://github.com/SL-RU/mount.yazi"
      },
      "original": {
        "type": "git",
        "url": "https://github.com/SL-RU/mount.yazi"
      }
    },
    "yazi-plugins": {
      "flake": false,
      "locked": {
        "lastModified": 1745752575,
        "narHash": "sha256-m3709h7/AHJAtoJ3ebDA40c77D+5dCycpecprjVqj/k=",
        "owner": "yazi-rs",
        "repo": "plugins",
        "rev": "864a0210d9ba1e8eb925160c2e2a25342031d8d3",
        "type": "github"
      },
      "original": {
        "owner": "yazi-rs",
        "repo": "plugins",
        "type": "github"
      }
    },
    "yazi-starship": {
      "flake": false,
      "locked": {
        "lastModified": 1745160020,
        "narHash": "sha256-+CSdghcIl50z0MXmFwbJ0koIkWIksm3XxYvTAwoRlDY=",
        "owner": "Rolv-Apneseth",
        "repo": "starship.yazi",
        "rev": "6fde3b2d9dc9a12c14588eb85cf4964e619842e6",
        "type": "github"
      },
      "original": {
        "owner": "Rolv-Apneseth",
        "repo": "starship.yazi",
        "type": "github"
      }
    },
    "zen-browser": {
      "inputs": {
        "home-manager": "home-manager_2",
        "nixpkgs": "nixpkgs_6"
      },
      "locked": {
        "lastModified": 1745850086,
        "narHash": "sha256-YPrRUg4OPy7CHvGcgKUzSmmy/hDk60uJXgh/zjjZyoI=",
        "owner": "0xc000022070",
        "repo": "zen-browser-flake",
        "rev": "f4971fd8294569a6da1707363f115392148a1e33",
        "type": "github"
      },
      "original": {
        "owner": "0xc000022070",
        "repo": "zen-browser-flake",
        "type": "github"
      }
    }
  },
  "root": "root",
  "version": 7
}
